
Microsoft Visual Studio Solution File, Format Version 12.00
# Visual Studio Version 16
VisualStudioVersion = 16.0.30804.86
MinimumVisualStudioVersion = 10.0.40219.1
Project("{FAE04EC0-301F-11D3-BF4B-00C04F79EFBC}") = "MaskedInformation", "MaskedInformation\MaskedInformation.csproj", "{6E317A8F-D03D-4967-8A60-8263CDF7B057}"
EndProject
Global
	GlobalSection(SolutionConfigurationPlatforms) = preSolution
		Debug|Any CPU = Debug|Any CPU
		Release|Any CPU = Release|Any CPU
	EndGlobalSection
	GlobalSection(ProjectConfigurationPlatforms) = postSolution
		{6E317A8F-D03D-4967-8A60-8263CDF7B057}.Debug|Any CPU.ActiveCfg = Debug|Any CPU
		{6E317A8F-D03D-4967-8A60-8263CDF7B057}.Debug|Any CPU.Build.0 = Debug|Any CPU
		{6E317A8F-D03D-4967-8A60-8263CDF7B057}.Release|Any CPU.ActiveCfg = Release|Any CPU
		{6E317A8F-D03D-4967-8A60-8263CDF7B057}.Release|Any CPU.Build.0 = Release|Any CPU
	EndGlobalSection
	GlobalSection(SolutionProperties) = preSolution
		HideSolutionNode = FALSE
	EndGlobalSection
	GlobalSection(ExtensibilityGlobals) = postSolution
		SolutionGuid = {FEA75F84-42AA-49ED-9F82-EE9D8067686F}
	EndGlobalSection
EndGlobal
